
Microsoft Visual Studio Solution File, Format Version 12.00
# Visual Studio 15
VisualStudioVersion = 15.0.27130.2010
MinimumVisualStudioVersion = 15.0.26124.0
Project("{2150E333-8FDC-42A3-9474-1A3956D46DE8}") = "Sources", "Sources", "{1CF9B050-5C08-45F8-A1D8-D29120698130}"
EndProject
Project("{9A19103F-16F7-4668-BE54-9A1E7A4F7556}") = "Alsein.Utilities", "src\Alsein.Utilities\Alsein.Utilities.csproj", "{8FCBE797-5A83-4A13-82E4-E619903C0B6E}"
EndProject
Project("{9A19103F-16F7-4668-BE54-9A1E7A4F7556}") = "Alsein.Utilities.AspNetCore", "src\Alsein.Utilities.AspNetCore\Alsein.Utilities.AspNetCore.csproj", "{B473ED1A-8A40-4A0E-A4C0-6354D25AA521}"
EndProject
Project("{9A19103F-16F7-4668-BE54-9A1E7A4F7556}") = "Alsein.Utilities.Core", "src\Alsein.Utilities.Core\Alsein.Utilities.Core.csproj", "{82545314-14EE-4346-846B-A524F2974F72}"
EndProject
Project("{9A19103F-16F7-4668-BE54-9A1E7A4F7556}") = "Alsein.Utilities.Functional", "src\Alsein.Utilities.Functional\Alsein.Utilities.Functional.csproj", "{6BAD8F9E-5367-46A5-921D-85610E52FB1B}"
EndProject
Project("{9A19103F-16F7-4668-BE54-9A1E7A4F7556}") = "Alsein.Utilities.IO", "src\Alsein.Utilities.IO\Alsein.Utilities.IO.csproj", "{FD492DDF-00A6-48B4-AFCC-5E73CB742803}"
EndProject
Project("{9A19103F-16F7-4668-BE54-9A1E7A4F7556}") = "Alsein.Utilities.Modulization", "src\Alsein.Utilities.Modulization\Alsein.Utilities.Modulization.csproj", "{7961C667-1BDF-4C7E-BA0D-48FA7A905BD6}"
EndProject
Project("{9A19103F-16F7-4668-BE54-9A1E7A4F7556}") = "Alsein.Utilities.Runtime", "src\Alsein.Utilities.Runtime\Alsein.Utilities.Runtime.csproj", "{D9AFEDE6-198E-46EF-865D-BD24DFB15A8D}"
EndProject
Project("{9A19103F-16F7-4668-BE54-9A1E7A4F7556}") = "Alsein.Utilities.DependencyInjection", "src\Alsein.Utilities.DependencyInjection\Alsein.Utilities.DependencyInjection.csproj", "{8403187A-49B7-4401-BE50-79F56F1A1A0A}"
EndProject
Project("{2150E333-8FDC-42A3-9474-1A3956D46DE8}") = "Tests", "Tests", "{813BCF97-E0E6-4164-82A5-02ACCC28C4D8}"
EndProject
Project("{9A19103F-16F7-4668-BE54-9A1E7A4F7556}") = "Alsein.Utilities.UnitTest", "test\Alsein.Utilities.UnitTest\Alsein.Utilities.UnitTest.csproj", "{8683A16E-6195-4594-BD2D-64FF974EC5BC}"
EndProject
Project("{9A19103F-16F7-4668-BE54-9A1E7A4F7556}") = "Alsein.Utilities.WebTest", "test\Alsein.Utilities.WebTest\Alsein.Utilities.WebTest.csproj", "{BA80A8DC-BEB8-4BAB-A19E-0D8B2A2C8C77}"
EndProject
Project("{9A19103F-16F7-4668-BE54-9A1E7A4F7556}") = "Alsein.Utilities.WebTest.TestModule", "test\Alsein.Utilities.WebTest.TestModule\Alsein.Utilities.WebTest.TestModule.csproj", "{275E2A3E-6ECB-4AF4-BFD5-B0571CD0F927}"
EndProject
Project("{9A19103F-16F7-4668-BE54-9A1E7A4F7556}") = "Alsein.Utilities.Natives.NCurses", "lib\Alsein.Utilities.Natives.NCurses\Alsein.Utilities.Natives.NCurses.csproj", "{66E807E1-25DA-48BE-89E8-6C87F7D93C71}"
EndProject
Project("{2150E333-8FDC-42A3-9474-1A3956D46DE8}") = "Native Packages", "Native Packages", "{A628406F-2D40-45BC-BC74-0704E0D8D368}"
EndProject
Global
	GlobalSection(SolutionConfigurationPlatforms) = preSolution
		Debug|Any CPU = Debug|Any CPU
		Debug|x64 = Debug|x64
		Debug|x86 = Debug|x86
		Release|Any CPU = Release|Any CPU
		Release|x64 = Release|x64
		Release|x86 = Release|x86
	EndGlobalSection
	GlobalSection(ProjectConfigurationPlatforms) = postSolution
		{8FCBE797-5A83-4A13-82E4-E619903C0B6E}.Debug|Any CPU.ActiveCfg = Debug|Any CPU
		{8FCBE797-5A83-4A13-82E4-E619903C0B6E}.Debug|Any CPU.Build.0 = Debug|Any CPU
		{8FCBE797-5A83-4A13-82E4-E619903C0B6E}.Debug|x64.ActiveCfg = Debug|Any CPU
		{8FCBE797-5A83-4A13-82E4-E619903C0B6E}.Debug|x64.Build.0 = Debug|Any CPU
		{8FCBE797-5A83-4A13-82E4-E619903C0B6E}.Debug|x86.ActiveCfg = Debug|Any CPU
		{8FCBE797-5A83-4A13-82E4-E619903C0B6E}.Debug|x86.Build.0 = Debug|Any CPU
		{8FCBE797-5A83-4A13-82E4-E619903C0B6E}.Release|Any CPU.ActiveCfg = Release|Any CPU
		{8FCBE797-5A83-4A13-82E4-E619903C0B6E}.Release|Any CPU.Build.0 = Release|Any CPU
		{8FCBE797-5A83-4A13-82E4-E619903C0B6E}.Release|x64.ActiveCfg = Release|Any CPU
		{8FCBE797-5A83-4A13-82E4-E619903C0B6E}.Release|x64.Build.0 = Release|Any CPU
		{8FCBE797-5A83-4A13-82E4-E619903C0B6E}.Release|x86.ActiveCfg = Release|Any CPU
		{8FCBE797-5A83-4A13-82E4-E619903C0B6E}.Release|x86.Build.0 = Release|Any CPU
		{B473ED1A-8A40-4A0E-A4C0-6354D25AA521}.Debug|Any CPU.ActiveCfg = Debug|Any CPU
		{B473ED1A-8A40-4A0E-A4C0-6354D25AA521}.Debug|Any CPU.Build.0 = Debug|Any CPU
		{B473ED1A-8A40-4A0E-A4C0-6354D25AA521}.Debug|x64.ActiveCfg = Debug|Any CPU
		{B473ED1A-8A40-4A0E-A4C0-6354D25AA521}.Debug|x64.Build.0 = Debug|Any CPU
		{B473ED1A-8A40-4A0E-A4C0-6354D25AA521}.Debug|x86.ActiveCfg = Debug|Any CPU
		{B473ED1A-8A40-4A0E-A4C0-6354D25AA521}.Debug|x86.Build.0 = Debug|Any CPU
		{B473ED1A-8A40-4A0E-A4C0-6354D25AA521}.Release|Any CPU.ActiveCfg = Release|Any CPU
		{B473ED1A-8A40-4A0E-A4C0-6354D25AA521}.Release|Any CPU.Build.0 = Release|Any CPU
		{B473ED1A-8A40-4A0E-A4C0-6354D25AA521}.Release|x64.ActiveCfg = Release|Any CPU
		{B473ED1A-8A40-4A0E-A4C0-6354D25AA521}.Release|x64.Build.0 = Release|Any CPU
		{B473ED1A-8A40-4A0E-A4C0-6354D25AA521}.Release|x86.ActiveCfg = Release|Any CPU
		{B473ED1A-8A40-4A0E-A4C0-6354D25AA521}.Release|x86.Build.0 = Release|Any CPU
		{82545314-14EE-4346-846B-A524F2974F72}.Debug|Any CPU.ActiveCfg = Debug|Any CPU
		{82545314-14EE-4346-846B-A524F2974F72}.Debug|Any CPU.Build.0 = Debug|Any CPU
		{82545314-14EE-4346-846B-A524F2974F72}.Debug|x64.ActiveCfg = Debug|Any CPU
		{82545314-14EE-4346-846B-A524F2974F72}.Debug|x64.Build.0 = Debug|Any CPU
		{82545314-14EE-4346-846B-A524F2974F72}.Debug|x86.ActiveCfg = Debug|Any CPU
		{82545314-14EE-4346-846B-A524F2974F72}.Debug|x86.Build.0 = Debug|Any CPU
		{82545314-14EE-4346-846B-A524F2974F72}.Release|Any CPU.ActiveCfg = Release|Any CPU
		{82545314-14EE-4346-846B-A524F2974F72}.Release|Any CPU.Build.0 = Release|Any CPU
		{82545314-14EE-4346-846B-A524F2974F72}.Release|x64.ActiveCfg = Release|Any CPU
		{82545314-14EE-4346-846B-A524F2974F72}.Release|x64.Build.0 = Release|Any CPU
		{82545314-14EE-4346-846B-A524F2974F72}.Release|x86.ActiveCfg = Release|Any CPU
		{82545314-14EE-4346-846B-A524F2974F72}.Release|x86.Build.0 = Release|Any CPU
		{6BAD8F9E-5367-46A5-921D-85610E52FB1B}.Debug|Any CPU.ActiveCfg = Debug|Any CPU
		{6BAD8F9E-5367-46A5-921D-85610E52FB1B}.Debug|Any CPU.Build.0 = Debug|Any CPU
		{6BAD8F9E-5367-46A5-921D-85610E52FB1B}.Debug|x64.ActiveCfg = Debug|Any CPU
		{6BAD8F9E-5367-46A5-921D-85610E52FB1B}.Debug|x64.Build.0 = Debug|Any CPU
		{6BAD8F9E-5367-46A5-921D-85610E52FB1B}.Debug|x86.ActiveCfg = Debug|Any CPU
		{6BAD8F9E-5367-46A5-921D-85610E52FB1B}.Debug|x86.Build.0 = Debug|Any CPU
		{6BAD8F9E-5367-46A5-921D-85610E52FB1B}.Release|Any CPU.ActiveCfg = Release|Any CPU
		{6BAD8F9E-5367-46A5-921D-85610E52FB1B}.Release|Any CPU.Build.0 = Release|Any CPU
		{6BAD8F9E-5367-46A5-921D-85610E52FB1B}.Release|x64.ActiveCfg = Release|Any CPU
		{6BAD8F9E-5367-46A5-921D-85610E52FB1B}.Release|x64.Build.0 = Release|Any CPU
		{6BAD8F9E-5367-46A5-921D-85610E52FB1B}.Release|x86.ActiveCfg = Release|Any CPU
		{6BAD8F9E-5367-46A5-921D-85610E52FB1B}.Release|x86.Build.0 = Release|Any CPU
		{FD492DDF-00A6-48B4-AFCC-5E73CB742803}.Debug|Any CPU.ActiveCfg = Debug|Any CPU
		{FD492DDF-00A6-48B4-AFCC-5E73CB742803}.Debug|Any CPU.Build.0 = Debug|Any CPU
		{FD492DDF-00A6-48B4-AFCC-5E73CB742803}.Debug|x64.ActiveCfg = Debug|Any CPU
		{FD492DDF-00A6-48B4-AFCC-5E73CB742803}.Debug|x64.Build.0 = Debug|Any CPU
		{FD492DDF-00A6-48B4-AFCC-5E73CB742803}.Debug|x86.ActiveCfg = Debug|Any CPU
		{FD492DDF-00A6-48B4-AFCC-5E73CB742803}.Debug|x86.Build.0 = Debug|Any CPU
		{FD492DDF-00A6-48B4-AFCC-5E73CB742803}.Release|Any CPU.ActiveCfg = Release|Any CPU
		{FD492DDF-00A6-48B4-AFCC-5E73CB742803}.Release|Any CPU.Build.0 = Release|Any CPU
		{FD492DDF-00A6-48B4-AFCC-5E73CB742803}.Release|x64.ActiveCfg = Release|Any CPU
		{FD492DDF-00A6-48B4-AFCC-5E73CB742803}.Release|x64.Build.0 = Release|Any CPU
		{FD492DDF-00A6-48B4-AFCC-5E73CB742803}.Release|x86.ActiveCfg = Release|Any CPU
		{FD492DDF-00A6-48B4-AFCC-5E73CB742803}.Release|x86.Build.0 = Release|Any CPU
		{7961C667-1BDF-4C7E-BA0D-48FA7A905BD6}.Debug|Any CPU.ActiveCfg = Debug|Any CPU
		{7961C667-1BDF-4C7E-BA0D-48FA7A905BD6}.Debug|Any CPU.Build.0 = Debug|Any CPU
		{7961C667-1BDF-4C7E-BA0D-48FA7A905BD6}.Debug|x64.ActiveCfg = Debug|Any CPU
		{7961C667-1BDF-4C7E-BA0D-48FA7A905BD6}.Debug|x64.Build.0 = Debug|Any CPU
		{7961C667-1BDF-4C7E-BA0D-48FA7A905BD6}.Debug|x86.ActiveCfg = Debug|Any CPU
		{7961C667-1BDF-4C7E-BA0D-48FA7A905BD6}.Debug|x86.Build.0 = Debug|Any CPU
		{7961C667-1BDF-4C7E-BA0D-48FA7A905BD6}.Release|Any CPU.ActiveCfg = Release|Any CPU
		{7961C667-1BDF-4C7E-BA0D-48FA7A905BD6}.Release|Any CPU.Build.0 = Release|Any CPU
		{7961C667-1BDF-4C7E-BA0D-48FA7A905BD6}.Release|x64.ActiveCfg = Release|Any CPU
		{7961C667-1BDF-4C7E-BA0D-48FA7A905BD6}.Release|x64.Build.0 = Release|Any CPU
		{7961C667-1BDF-4C7E-BA0D-48FA7A905BD6}.Release|x86.ActiveCfg = Release|Any CPU
		{7961C667-1BDF-4C7E-BA0D-48FA7A905BD6}.Release|x86.Build.0 = Release|Any CPU
		{D9AFEDE6-198E-46EF-865D-BD24DFB15A8D}.Debug|Any CPU.ActiveCfg = Debug|Any CPU
		{D9AFEDE6-198E-46EF-865D-BD24DFB15A8D}.Debug|Any CPU.Build.0 = Debug|Any CPU
		{D9AFEDE6-198E-46EF-865D-BD24DFB15A8D}.Debug|x64.ActiveCfg = Debug|Any CPU
		{D9AFEDE6-198E-46EF-865D-BD24DFB15A8D}.Debug|x64.Build.0 = Debug|Any CPU
		{D9AFEDE6-198E-46EF-865D-BD24DFB15A8D}.Debug|x86.ActiveCfg = Debug|Any CPU
		{D9AFEDE6-198E-46EF-865D-BD24DFB15A8D}.Debug|x86.Build.0 = Debug|Any CPU
		{D9AFEDE6-198E-46EF-865D-BD24DFB15A8D}.Release|Any CPU.ActiveCfg = Release|Any CPU
		{D9AFEDE6-198E-46EF-865D-BD24DFB15A8D}.Release|Any CPU.Build.0 = Release|Any CPU
		{D9AFEDE6-198E-46EF-865D-BD24DFB15A8D}.Release|x64.ActiveCfg = Release|Any CPU
		{D9AFEDE6-198E-46EF-865D-BD24DFB15A8D}.Release|x64.Build.0 = Release|Any CPU
		{D9AFEDE6-198E-46EF-865D-BD24DFB15A8D}.Release|x86.ActiveCfg = Release|Any CPU
		{D9AFEDE6-198E-46EF-865D-BD24DFB15A8D}.Release|x86.Build.0 = Release|Any CPU
		{8403187A-49B7-4401-BE50-79F56F1A1A0A}.Debug|Any CPU.ActiveCfg = Debug|Any CPU
		{8403187A-49B7-4401-BE50-79F56F1A1A0A}.Debug|Any CPU.Build.0 = Debug|Any CPU
		{8403187A-49B7-4401-BE50-79F56F1A1A0A}.Debug|x64.ActiveCfg = Debug|Any CPU
		{8403187A-49B7-4401-BE50-79F56F1A1A0A}.Debug|x64.Build.0 = Debug|Any CPU
		{8403187A-49B7-4401-BE50-79F56F1A1A0A}.Debug|x86.ActiveCfg = Debug|Any CPU
		{8403187A-49B7-4401-BE50-79F56F1A1A0A}.Debug|x86.Build.0 = Debug|Any CPU
		{8403187A-49B7-4401-BE50-79F56F1A1A0A}.Release|Any CPU.ActiveCfg = Release|Any CPU
		{8403187A-49B7-4401-BE50-79F56F1A1A0A}.Release|Any CPU.Build.0 = Release|Any CPU
		{8403187A-49B7-4401-BE50-79F56F1A1A0A}.Release|x64.ActiveCfg = Release|Any CPU
		{8403187A-49B7-4401-BE50-79F56F1A1A0A}.Release|x64.Build.0 = Release|Any CPU
		{8403187A-49B7-4401-BE50-79F56F1A1A0A}.Release|x86.ActiveCfg = Release|Any CPU
		{8403187A-49B7-4401-BE50-79F56F1A1A0A}.Release|x86.Build.0 = Release|Any CPU
		{8683A16E-6195-4594-BD2D-64FF974EC5BC}.Debug|Any CPU.ActiveCfg = Debug|Any CPU
		{8683A16E-6195-4594-BD2D-64FF974EC5BC}.Debug|Any CPU.Build.0 = Debug|Any CPU
		{8683A16E-6195-4594-BD2D-64FF974EC5BC}.Debug|x64.ActiveCfg = Debug|Any CPU
		{8683A16E-6195-4594-BD2D-64FF974EC5BC}.Debug|x64.Build.0 = Debug|Any CPU
		{8683A16E-6195-4594-BD2D-64FF974EC5BC}.Debug|x86.ActiveCfg = Debug|Any CPU
		{8683A16E-6195-4594-BD2D-64FF974EC5BC}.Debug|x86.Build.0 = Debug|Any CPU
		{8683A16E-6195-4594-BD2D-64FF974EC5BC}.Release|Any CPU.ActiveCfg = Release|Any CPU
		{8683A16E-6195-4594-BD2D-64FF974EC5BC}.Release|Any CPU.Build.0 = Release|Any CPU
		{8683A16E-6195-4594-BD2D-64FF974EC5BC}.Release|x64.ActiveCfg = Release|Any CPU
		{8683A16E-6195-4594-BD2D-64FF974EC5BC}.Release|x64.Build.0 = Release|Any CPU
		{8683A16E-6195-4594-BD2D-64FF974EC5BC}.Release|x86.ActiveCfg = Release|Any CPU
		{8683A16E-6195-4594-BD2D-64FF974EC5BC}.Release|x86.Build.0 = Release|Any CPU
		{BA80A8DC-BEB8-4BAB-A19E-0D8B2A2C8C77}.Debug|Any CPU.ActiveCfg = Debug|Any CPU
		{BA80A8DC-BEB8-4BAB-A19E-0D8B2A2C8C77}.Debug|Any CPU.Build.0 = Debug|Any CPU
		{BA80A8DC-BEB8-4BAB-A19E-0D8B2A2C8C77}.Debug|x64.ActiveCfg = Debug|Any CPU
		{BA80A8DC-BEB8-4BAB-A19E-0D8B2A2C8C77}.Debug|x64.Build.0 = Debug|Any CPU
		{BA80A8DC-BEB8-4BAB-A19E-0D8B2A2C8C77}.Debug|x86.ActiveCfg = Debug|Any CPU
		{BA80A8DC-BEB8-4BAB-A19E-0D8B2A2C8C77}.Debug|x86.Build.0 = Debug|Any CPU
		{BA80A8DC-BEB8-4BAB-A19E-0D8B2A2C8C77}.Release|Any CPU.ActiveCfg = Release|Any CPU
		{BA80A8DC-BEB8-4BAB-A19E-0D8B2A2C8C77}.Release|Any CPU.Build.0 = Release|Any CPU
		{BA80A8DC-BEB8-4BAB-A19E-0D8B2A2C8C77}.Release|x64.ActiveCfg = Release|Any CPU
		{BA80A8DC-BEB8-4BAB-A19E-0D8B2A2C8C77}.Release|x64.Build.0 = Release|Any CPU
		{BA80A8DC-BEB8-4BAB-A19E-0D8B2A2C8C77}.Release|x86.ActiveCfg = Release|Any CPU
		{BA80A8DC-BEB8-4BAB-A19E-0D8B2A2C8C77}.Release|x86.Build.0 = Release|Any CPU
		{275E2A3E-6ECB-4AF4-BFD5-B0571CD0F927}.Debug|Any CPU.ActiveCfg = Debug|Any CPU
		{275E2A3E-6ECB-4AF4-BFD5-B0571CD0F927}.Debug|Any CPU.Build.0 = Debug|Any CPU
		{275E2A3E-6ECB-4AF4-BFD5-B0571CD0F927}.Debug|x64.ActiveCfg = Debug|Any CPU
		{275E2A3E-6ECB-4AF4-BFD5-B0571CD0F927}.Debug|x64.Build.0 = Debug|Any CPU
		{275E2A3E-6ECB-4AF4-BFD5-B0571CD0F927}.Debug|x86.ActiveCfg = Debug|Any CPU
		{275E2A3E-6ECB-4AF4-BFD5-B0571CD0F927}.Debug|x86.Build.0 = Debug|Any CPU
		{275E2A3E-6ECB-4AF4-BFD5-B0571CD0F927}.Release|Any CPU.ActiveCfg = Release|Any CPU
		{275E2A3E-6ECB-4AF4-BFD5-B0571CD0F927}.Release|Any CPU.Build.0 = Release|Any CPU
		{275E2A3E-6ECB-4AF4-BFD5-B0571CD0F927}.Release|x64.ActiveCfg = Release|Any CPU
		{275E2A3E-6ECB-4AF4-BFD5-B0571CD0F927}.Release|x64.Build.0 = Release|Any CPU
		{275E2A3E-6ECB-4AF4-BFD5-B0571CD0F927}.Release|x86.ActiveCfg = Release|Any CPU
		{275E2A3E-6ECB-4AF4-BFD5-B0571CD0F927}.Release|x86.Build.0 = Release|Any CPU
		{66E807E1-25DA-48BE-89E8-6C87F7D93C71}.Debug|Any CPU.ActiveCfg = Debug|Any CPU
		{66E807E1-25DA-48BE-89E8-6C87F7D93C71}.Debug|Any CPU.Build.0 = Debug|Any CPU
		{66E807E1-25DA-48BE-89E8-6C87F7D93C71}.Debug|x64.ActiveCfg = Debug|Any CPU
		{66E807E1-25DA-48BE-89E8-6C87F7D93C71}.Debug|x64.Build.0 = Debug|Any CPU
		{66E807E1-25DA-48BE-89E8-6C87F7D93C71}.Debug|x86.ActiveCfg = Debug|Any CPU
		{66E807E1-25DA-48BE-89E8-6C87F7D93C71}.Debug|x86.Build.0 = Debug|Any CPU
		{66E807E1-25DA-48BE-89E8-6C87F7D93C71}.Release|Any CPU.ActiveCfg = Release|Any CPU
		{66E807E1-25DA-48BE-89E8-6C87F7D93C71}.Release|Any CPU.Build.0 = Release|Any CPU
		{66E807E1-25DA-48BE-89E8-6C87F7D93C71}.Release|x64.ActiveCfg = Release|Any CPU
		{66E807E1-25DA-48BE-89E8-6C87F7D93C71}.Release|x64.Build.0 = Release|Any CPU
		{66E807E1-25DA-48BE-89E8-6C87F7D93C71}.Release|x86.ActiveCfg = Release|Any CPU
		{66E807E1-25DA-48BE-89E8-6C87F7D93C71}.Release|x86.Build.0 = Release|Any CPU
	EndGlobalSection
	GlobalSection(SolutionProperties) = preSolution
		HideSolutionNode = FALSE
	EndGlobalSection
	GlobalSection(NestedProjects) = preSolution
		{8FCBE797-5A83-4A13-82E4-E619903C0B6E} = {1CF9B050-5C08-45F8-A1D8-D29120698130}
		{B473ED1A-8A40-4A0E-A4C0-6354D25AA521} = {1CF9B050-5C08-45F8-A1D8-D29120698130}
		{82545314-14EE-4346-846B-A524F2974F72} = {1CF9B050-5C08-45F8-A1D8-D29120698130}
		{6BAD8F9E-5367-46A5-921D-85610E52FB1B} = {1CF9B050-5C08-45F8-A1D8-D29120698130}
		{FD492DDF-00A6-48B4-AFCC-5E73CB742803} = {1CF9B050-5C08-45F8-A1D8-D29120698130}
		{7961C667-1BDF-4C7E-BA0D-48FA7A905BD6} = {1CF9B050-5C08-45F8-A1D8-D29120698130}
		{D9AFEDE6-198E-46EF-865D-BD24DFB15A8D} = {1CF9B050-5C08-45F8-A1D8-D29120698130}
		{8403187A-49B7-4401-BE50-79F56F1A1A0A} = {1CF9B050-5C08-45F8-A1D8-D29120698130}
		{8683A16E-6195-4594-BD2D-64FF974EC5BC} = {813BCF97-E0E6-4164-82A5-02ACCC28C4D8}
		{BA80A8DC-BEB8-4BAB-A19E-0D8B2A2C8C77} = {813BCF97-E0E6-4164-82A5-02ACCC28C4D8}
		{275E2A3E-6ECB-4AF4-BFD5-B0571CD0F927} = {813BCF97-E0E6-4164-82A5-02ACCC28C4D8}
		{66E807E1-25DA-48BE-89E8-6C87F7D93C71} = {A628406F-2D40-45BC-BC74-0704E0D8D368}
	EndGlobalSection
	GlobalSection(ExtensibilityGlobals) = postSolution
		SolutionGuid = {1AF6F55F-F56C-4CA5-B106-82048DF64128}
	EndGlobalSection
EndGlobal
