
Microsoft Visual Studio Solution File, Format Version 12.00
# Visual Studio 15
VisualStudioVersion = 15.0.27130.2010
MinimumVisualStudioVersion = 15.0.26124.0
Project("{2150E333-8FDC-42A3-9474-1A3956D46DE8}") = "Sources", "Sources", "{F49250B0-6C8E-4209-B75B-6D2F4AE38011}"
EndProject
Project("{9A19103F-16F7-4668-BE54-9A1E7A4F7556}") = "Alsein.Utilities", "src\Alsein.Utilities\Alsein.Utilities.csproj", "{D26E3A1F-7CB3-4D64-8376-269669ED8623}"
EndProject
Project("{9A19103F-16F7-4668-BE54-9A1E7A4F7556}") = "Alsein.Utilities.Autofac", "src\Alsein.Utilities.Autofac\Alsein.Utilities.Autofac.csproj", "{F14FA785-FD03-4560-9486-4FF01C4FEB1C}"
EndProject
Project("{2150E333-8FDC-42A3-9474-1A3956D46DE8}") = "Unit Tests", "Unit Tests", "{9E181023-335C-43CC-8027-72119420BE8E}"
EndProject
Project("{9A19103F-16F7-4668-BE54-9A1E7A4F7556}") = "Alsein.Utilities.Test", "test\Alsein.Utilities.Test\Alsein.Utilities.Test.csproj", "{7D025DBB-6F77-47CF-B1BE-10A08FF36BDA}"
EndProject
Project("{9A19103F-16F7-4668-BE54-9A1E7A4F7556}") = "Alsein.Utilities.IO", "src\Alsein.Utilities.IO\Alsein.Utilities.IO.csproj", "{515CAFFB-0376-4992-BB78-0CA105972180}"
EndProject
Project("{9A19103F-16F7-4668-BE54-9A1E7A4F7556}") = "Alsein.Utilities.Runtime", "src\Alsein.Utilities.Runtime\Alsein.Utilities.Runtime.csproj", "{69673710-35BA-4337-A141-86D3CF7A81D6}"
EndProject
Project("{9A19103F-16F7-4668-BE54-9A1E7A4F7556}") = "Alsein.Utilities.Essentials", "src\Alsein.Utilities.Essentials\Alsein.Utilities.Essentials.csproj", "{E3652E0D-F9EA-4EDF-90B6-8C0350F666C3}"
EndProject
Project("{9A19103F-16F7-4668-BE54-9A1E7A4F7556}") = "Alsein.Utilities.AspNetCore", "src\Alsein.Utilities.AspNetCore\Alsein.Utilities.AspNetCore.csproj", "{B084C863-CDCE-4266-971D-51AF3F150987}"
EndProject
Project("{9A19103F-16F7-4668-BE54-9A1E7A4F7556}") = "Alsein.Utilities.WebTest", "test\Alsein.Utilities.WebTest\Alsein.Utilities.WebTest.csproj", "{B10FB0B3-3415-4AC0-9F84-6AD35116EA69}"
EndProject
Project("{9A19103F-16F7-4668-BE54-9A1E7A4F7556}") = "Alsein.Utilities.WebTest.TestModule", "test\Alsein.Utilities.WebTest.TestModule\Alsein.Utilities.WebTest.TestModule.csproj", "{BC2C9716-7133-476D-8439-18A166A384CF}"
EndProject
Global
	GlobalSection(SolutionConfigurationPlatforms) = preSolution
		Debug|Any CPU = Debug|Any CPU
		Debug|x64 = Debug|x64
		Debug|x86 = Debug|x86
		Release|Any CPU = Release|Any CPU
		Release|x64 = Release|x64
		Release|x86 = Release|x86
	EndGlobalSection
	GlobalSection(ProjectConfigurationPlatforms) = postSolution
		{D26E3A1F-7CB3-4D64-8376-269669ED8623}.Debug|Any CPU.ActiveCfg = Debug|Any CPU
		{D26E3A1F-7CB3-4D64-8376-269669ED8623}.Debug|Any CPU.Build.0 = Debug|Any CPU
		{D26E3A1F-7CB3-4D64-8376-269669ED8623}.Debug|x64.ActiveCfg = Debug|Any CPU
		{D26E3A1F-7CB3-4D64-8376-269669ED8623}.Debug|x64.Build.0 = Debug|Any CPU
		{D26E3A1F-7CB3-4D64-8376-269669ED8623}.Debug|x86.ActiveCfg = Debug|Any CPU
		{D26E3A1F-7CB3-4D64-8376-269669ED8623}.Debug|x86.Build.0 = Debug|Any CPU
		{D26E3A1F-7CB3-4D64-8376-269669ED8623}.Release|Any CPU.ActiveCfg = Release|Any CPU
		{D26E3A1F-7CB3-4D64-8376-269669ED8623}.Release|Any CPU.Build.0 = Release|Any CPU
		{D26E3A1F-7CB3-4D64-8376-269669ED8623}.Release|x64.ActiveCfg = Release|Any CPU
		{D26E3A1F-7CB3-4D64-8376-269669ED8623}.Release|x64.Build.0 = Release|Any CPU
		{D26E3A1F-7CB3-4D64-8376-269669ED8623}.Release|x86.ActiveCfg = Release|Any CPU
		{D26E3A1F-7CB3-4D64-8376-269669ED8623}.Release|x86.Build.0 = Release|Any CPU
		{F14FA785-FD03-4560-9486-4FF01C4FEB1C}.Debug|Any CPU.ActiveCfg = Debug|Any CPU
		{F14FA785-FD03-4560-9486-4FF01C4FEB1C}.Debug|Any CPU.Build.0 = Debug|Any CPU
		{F14FA785-FD03-4560-9486-4FF01C4FEB1C}.Debug|x64.ActiveCfg = Debug|Any CPU
		{F14FA785-FD03-4560-9486-4FF01C4FEB1C}.Debug|x64.Build.0 = Debug|Any CPU
		{F14FA785-FD03-4560-9486-4FF01C4FEB1C}.Debug|x86.ActiveCfg = Debug|Any CPU
		{F14FA785-FD03-4560-9486-4FF01C4FEB1C}.Debug|x86.Build.0 = Debug|Any CPU
		{F14FA785-FD03-4560-9486-4FF01C4FEB1C}.Release|Any CPU.ActiveCfg = Release|Any CPU
		{F14FA785-FD03-4560-9486-4FF01C4FEB1C}.Release|Any CPU.Build.0 = Release|Any CPU
		{F14FA785-FD03-4560-9486-4FF01C4FEB1C}.Release|x64.ActiveCfg = Release|Any CPU
		{F14FA785-FD03-4560-9486-4FF01C4FEB1C}.Release|x64.Build.0 = Release|Any CPU
		{F14FA785-FD03-4560-9486-4FF01C4FEB1C}.Release|x86.ActiveCfg = Release|Any CPU
		{F14FA785-FD03-4560-9486-4FF01C4FEB1C}.Release|x86.Build.0 = Release|Any CPU
		{7D025DBB-6F77-47CF-B1BE-10A08FF36BDA}.Debug|Any CPU.ActiveCfg = Debug|Any CPU
		{7D025DBB-6F77-47CF-B1BE-10A08FF36BDA}.Debug|Any CPU.Build.0 = Debug|Any CPU
		{7D025DBB-6F77-47CF-B1BE-10A08FF36BDA}.Debug|x64.ActiveCfg = Debug|Any CPU
		{7D025DBB-6F77-47CF-B1BE-10A08FF36BDA}.Debug|x64.Build.0 = Debug|Any CPU
		{7D025DBB-6F77-47CF-B1BE-10A08FF36BDA}.Debug|x86.ActiveCfg = Debug|Any CPU
		{7D025DBB-6F77-47CF-B1BE-10A08FF36BDA}.Debug|x86.Build.0 = Debug|Any CPU
		{7D025DBB-6F77-47CF-B1BE-10A08FF36BDA}.Release|Any CPU.ActiveCfg = Release|Any CPU
		{7D025DBB-6F77-47CF-B1BE-10A08FF36BDA}.Release|Any CPU.Build.0 = Release|Any CPU
		{7D025DBB-6F77-47CF-B1BE-10A08FF36BDA}.Release|x64.ActiveCfg = Release|Any CPU
		{7D025DBB-6F77-47CF-B1BE-10A08FF36BDA}.Release|x64.Build.0 = Release|Any CPU
		{7D025DBB-6F77-47CF-B1BE-10A08FF36BDA}.Release|x86.ActiveCfg = Release|Any CPU
		{7D025DBB-6F77-47CF-B1BE-10A08FF36BDA}.Release|x86.Build.0 = Release|Any CPU
		{515CAFFB-0376-4992-BB78-0CA105972180}.Debug|Any CPU.ActiveCfg = Debug|Any CPU
		{515CAFFB-0376-4992-BB78-0CA105972180}.Debug|Any CPU.Build.0 = Debug|Any CPU
		{515CAFFB-0376-4992-BB78-0CA105972180}.Debug|x64.ActiveCfg = Debug|Any CPU
		{515CAFFB-0376-4992-BB78-0CA105972180}.Debug|x64.Build.0 = Debug|Any CPU
		{515CAFFB-0376-4992-BB78-0CA105972180}.Debug|x86.ActiveCfg = Debug|Any CPU
		{515CAFFB-0376-4992-BB78-0CA105972180}.Debug|x86.Build.0 = Debug|Any CPU
		{515CAFFB-0376-4992-BB78-0CA105972180}.Release|Any CPU.ActiveCfg = Release|Any CPU
		{515CAFFB-0376-4992-BB78-0CA105972180}.Release|Any CPU.Build.0 = Release|Any CPU
		{515CAFFB-0376-4992-BB78-0CA105972180}.Release|x64.ActiveCfg = Release|Any CPU
		{515CAFFB-0376-4992-BB78-0CA105972180}.Release|x64.Build.0 = Release|Any CPU
		{515CAFFB-0376-4992-BB78-0CA105972180}.Release|x86.ActiveCfg = Release|Any CPU
		{515CAFFB-0376-4992-BB78-0CA105972180}.Release|x86.Build.0 = Release|Any CPU
		{69673710-35BA-4337-A141-86D3CF7A81D6}.Debug|Any CPU.ActiveCfg = Debug|Any CPU
		{69673710-35BA-4337-A141-86D3CF7A81D6}.Debug|Any CPU.Build.0 = Debug|Any CPU
		{69673710-35BA-4337-A141-86D3CF7A81D6}.Debug|x64.ActiveCfg = Debug|Any CPU
		{69673710-35BA-4337-A141-86D3CF7A81D6}.Debug|x64.Build.0 = Debug|Any CPU
		{69673710-35BA-4337-A141-86D3CF7A81D6}.Debug|x86.ActiveCfg = Debug|Any CPU
		{69673710-35BA-4337-A141-86D3CF7A81D6}.Debug|x86.Build.0 = Debug|Any CPU
		{69673710-35BA-4337-A141-86D3CF7A81D6}.Release|Any CPU.ActiveCfg = Release|Any CPU
		{69673710-35BA-4337-A141-86D3CF7A81D6}.Release|Any CPU.Build.0 = Release|Any CPU
		{69673710-35BA-4337-A141-86D3CF7A81D6}.Release|x64.ActiveCfg = Release|Any CPU
		{69673710-35BA-4337-A141-86D3CF7A81D6}.Release|x64.Build.0 = Release|Any CPU
		{69673710-35BA-4337-A141-86D3CF7A81D6}.Release|x86.ActiveCfg = Release|Any CPU
		{69673710-35BA-4337-A141-86D3CF7A81D6}.Release|x86.Build.0 = Release|Any CPU
		{E3652E0D-F9EA-4EDF-90B6-8C0350F666C3}.Debug|Any CPU.ActiveCfg = Debug|Any CPU
		{E3652E0D-F9EA-4EDF-90B6-8C0350F666C3}.Debug|Any CPU.Build.0 = Debug|Any CPU
		{E3652E0D-F9EA-4EDF-90B6-8C0350F666C3}.Debug|x64.ActiveCfg = Debug|Any CPU
		{E3652E0D-F9EA-4EDF-90B6-8C0350F666C3}.Debug|x64.Build.0 = Debug|Any CPU
		{E3652E0D-F9EA-4EDF-90B6-8C0350F666C3}.Debug|x86.ActiveCfg = Debug|Any CPU
		{E3652E0D-F9EA-4EDF-90B6-8C0350F666C3}.Debug|x86.Build.0 = Debug|Any CPU
		{E3652E0D-F9EA-4EDF-90B6-8C0350F666C3}.Release|Any CPU.ActiveCfg = Release|Any CPU
		{E3652E0D-F9EA-4EDF-90B6-8C0350F666C3}.Release|Any CPU.Build.0 = Release|Any CPU
		{E3652E0D-F9EA-4EDF-90B6-8C0350F666C3}.Release|x64.ActiveCfg = Release|Any CPU
		{E3652E0D-F9EA-4EDF-90B6-8C0350F666C3}.Release|x64.Build.0 = Release|Any CPU
		{E3652E0D-F9EA-4EDF-90B6-8C0350F666C3}.Release|x86.ActiveCfg = Release|Any CPU
		{E3652E0D-F9EA-4EDF-90B6-8C0350F666C3}.Release|x86.Build.0 = Release|Any CPU
		{B084C863-CDCE-4266-971D-51AF3F150987}.Debug|Any CPU.ActiveCfg = Debug|Any CPU
		{B084C863-CDCE-4266-971D-51AF3F150987}.Debug|Any CPU.Build.0 = Debug|Any CPU
		{B084C863-CDCE-4266-971D-51AF3F150987}.Debug|x64.ActiveCfg = Debug|Any CPU
		{B084C863-CDCE-4266-971D-51AF3F150987}.Debug|x64.Build.0 = Debug|Any CPU
		{B084C863-CDCE-4266-971D-51AF3F150987}.Debug|x86.ActiveCfg = Debug|Any CPU
		{B084C863-CDCE-4266-971D-51AF3F150987}.Debug|x86.Build.0 = Debug|Any CPU
		{B084C863-CDCE-4266-971D-51AF3F150987}.Release|Any CPU.ActiveCfg = Release|Any CPU
		{B084C863-CDCE-4266-971D-51AF3F150987}.Release|Any CPU.Build.0 = Release|Any CPU
		{B084C863-CDCE-4266-971D-51AF3F150987}.Release|x64.ActiveCfg = Release|Any CPU
		{B084C863-CDCE-4266-971D-51AF3F150987}.Release|x64.Build.0 = Release|Any CPU
		{B084C863-CDCE-4266-971D-51AF3F150987}.Release|x86.ActiveCfg = Release|Any CPU
		{B084C863-CDCE-4266-971D-51AF3F150987}.Release|x86.Build.0 = Release|Any CPU
		{B10FB0B3-3415-4AC0-9F84-6AD35116EA69}.Debug|Any CPU.ActiveCfg = Debug|Any CPU
		{B10FB0B3-3415-4AC0-9F84-6AD35116EA69}.Debug|Any CPU.Build.0 = Debug|Any CPU
		{B10FB0B3-3415-4AC0-9F84-6AD35116EA69}.Debug|x64.ActiveCfg = Debug|Any CPU
		{B10FB0B3-3415-4AC0-9F84-6AD35116EA69}.Debug|x64.Build.0 = Debug|Any CPU
		{B10FB0B3-3415-4AC0-9F84-6AD35116EA69}.Debug|x86.ActiveCfg = Debug|Any CPU
		{B10FB0B3-3415-4AC0-9F84-6AD35116EA69}.Debug|x86.Build.0 = Debug|Any CPU
		{B10FB0B3-3415-4AC0-9F84-6AD35116EA69}.Release|Any CPU.ActiveCfg = Release|Any CPU
		{B10FB0B3-3415-4AC0-9F84-6AD35116EA69}.Release|Any CPU.Build.0 = Release|Any CPU
		{B10FB0B3-3415-4AC0-9F84-6AD35116EA69}.Release|x64.ActiveCfg = Release|Any CPU
		{B10FB0B3-3415-4AC0-9F84-6AD35116EA69}.Release|x64.Build.0 = Release|Any CPU
		{B10FB0B3-3415-4AC0-9F84-6AD35116EA69}.Release|x86.ActiveCfg = Release|Any CPU
		{B10FB0B3-3415-4AC0-9F84-6AD35116EA69}.Release|x86.Build.0 = Release|Any CPU
		{BC2C9716-7133-476D-8439-18A166A384CF}.Debug|Any CPU.ActiveCfg = Debug|Any CPU
		{BC2C9716-7133-476D-8439-18A166A384CF}.Debug|Any CPU.Build.0 = Debug|Any CPU
		{BC2C9716-7133-476D-8439-18A166A384CF}.Debug|x64.ActiveCfg = Debug|Any CPU
		{BC2C9716-7133-476D-8439-18A166A384CF}.Debug|x64.Build.0 = Debug|Any CPU
		{BC2C9716-7133-476D-8439-18A166A384CF}.Debug|x86.ActiveCfg = Debug|Any CPU
		{BC2C9716-7133-476D-8439-18A166A384CF}.Debug|x86.Build.0 = Debug|Any CPU
		{BC2C9716-7133-476D-8439-18A166A384CF}.Release|Any CPU.ActiveCfg = Release|Any CPU
		{BC2C9716-7133-476D-8439-18A166A384CF}.Release|Any CPU.Build.0 = Release|Any CPU
		{BC2C9716-7133-476D-8439-18A166A384CF}.Release|x64.ActiveCfg = Release|Any CPU
		{BC2C9716-7133-476D-8439-18A166A384CF}.Release|x64.Build.0 = Release|Any CPU
		{BC2C9716-7133-476D-8439-18A166A384CF}.Release|x86.ActiveCfg = Release|Any CPU
		{BC2C9716-7133-476D-8439-18A166A384CF}.Release|x86.Build.0 = Release|Any CPU
	EndGlobalSection
	GlobalSection(SolutionProperties) = preSolution
		HideSolutionNode = FALSE
	EndGlobalSection
	GlobalSection(NestedProjects) = preSolution
		{D26E3A1F-7CB3-4D64-8376-269669ED8623} = {F49250B0-6C8E-4209-B75B-6D2F4AE38011}
		{F14FA785-FD03-4560-9486-4FF01C4FEB1C} = {F49250B0-6C8E-4209-B75B-6D2F4AE38011}
		{7D025DBB-6F77-47CF-B1BE-10A08FF36BDA} = {9E181023-335C-43CC-8027-72119420BE8E}
		{515CAFFB-0376-4992-BB78-0CA105972180} = {F49250B0-6C8E-4209-B75B-6D2F4AE38011}
		{69673710-35BA-4337-A141-86D3CF7A81D6} = {F49250B0-6C8E-4209-B75B-6D2F4AE38011}
		{E3652E0D-F9EA-4EDF-90B6-8C0350F666C3} = {F49250B0-6C8E-4209-B75B-6D2F4AE38011}
		{B084C863-CDCE-4266-971D-51AF3F150987} = {F49250B0-6C8E-4209-B75B-6D2F4AE38011}
		{B10FB0B3-3415-4AC0-9F84-6AD35116EA69} = {9E181023-335C-43CC-8027-72119420BE8E}
		{BC2C9716-7133-476D-8439-18A166A384CF} = {9E181023-335C-43CC-8027-72119420BE8E}
	EndGlobalSection
	GlobalSection(ExtensibilityGlobals) = postSolution
		SolutionGuid = {01B5D0E2-AC1C-4D59-98A1-D969980FA81B}
	EndGlobalSection
EndGlobal
