
Microsoft Visual Studio Solution File, Format Version 12.00
# Visual Studio 15
VisualStudioVersion = 15.0.26124.0
MinimumVisualStudioVersion = 15.0.26124.0
Project("{2150E333-8FDC-42A3-9474-1A3956D46DE8}") = "UnitTests", "UnitTests", "{DED574E0-A492-4349-93E0-15D1E5105B40}"
EndProject
Project("{9A19103F-16F7-4668-BE54-9A1E7A4F7556}") = "Alsein.Utilities.Test", "test\Alsein.Utilities.Test\Alsein.Utilities.Test.csproj", "{02FC453E-0F0D-4FAC-B46E-229181A7468F}"
EndProject
Project("{2150E333-8FDC-42A3-9474-1A3956D46DE8}") = "Sources", "Sources", "{7F099E2F-EE59-491D-83F2-0D5F4F2ED88B}"
EndProject
Project("{9A19103F-16F7-4668-BE54-9A1E7A4F7556}") = "Alsein.Utilities", "src\Alsein.Utilities\Alsein.Utilities.csproj", "{02E5BE21-C899-40B6-84D9-DD8F16DAA274}"
EndProject
Project("{9A19103F-16F7-4668-BE54-9A1E7A4F7556}") = "Alsein.Utilities.Functional", "src\Alsein.Utilities.Functional\Alsein.Utilities.Functional.csproj", "{F0976E5C-9408-4C01-B913-37BC836588FA}"
EndProject
Project("{9A19103F-16F7-4668-BE54-9A1E7A4F7556}") = "Alsein.Utilities.Modulization", "src\Alsein.Utilities.Modulization\Alsein.Utilities.Modulization.csproj", "{9E348F30-D973-40DE-B905-DE4690416DF3}"
EndProject
Project("{9A19103F-16F7-4668-BE54-9A1E7A4F7556}") = "Alsein.Utilities.Modulization.Autofac", "src\Alsein.Utilities.Modulization.Autofac\Alsein.Utilities.Modulization.Autofac.csproj", "{0B14F6EB-2454-406F-958B-99DF968F4105}"
EndProject
Project("{9A19103F-16F7-4668-BE54-9A1E7A4F7556}") = "Alsein.Utilities.Runtime", "src\Alsein.Utilities.Runtime\Alsein.Utilities.Runtime.csproj", "{724D9B48-6C43-4E59-9243-139CA6740AB6}"
EndProject
Global
	GlobalSection(SolutionConfigurationPlatforms) = preSolution
		Debug|Any CPU = Debug|Any CPU
		Debug|x64 = Debug|x64
		Debug|x86 = Debug|x86
		Release|Any CPU = Release|Any CPU
		Release|x64 = Release|x64
		Release|x86 = Release|x86
	EndGlobalSection
	GlobalSection(ProjectConfigurationPlatforms) = postSolution
		{02FC453E-0F0D-4FAC-B46E-229181A7468F}.Debug|Any CPU.ActiveCfg = Debug|Any CPU
		{02FC453E-0F0D-4FAC-B46E-229181A7468F}.Debug|Any CPU.Build.0 = Debug|Any CPU
		{02FC453E-0F0D-4FAC-B46E-229181A7468F}.Debug|x64.ActiveCfg = Debug|Any CPU
		{02FC453E-0F0D-4FAC-B46E-229181A7468F}.Debug|x64.Build.0 = Debug|Any CPU
		{02FC453E-0F0D-4FAC-B46E-229181A7468F}.Debug|x86.ActiveCfg = Debug|Any CPU
		{02FC453E-0F0D-4FAC-B46E-229181A7468F}.Debug|x86.Build.0 = Debug|Any CPU
		{02FC453E-0F0D-4FAC-B46E-229181A7468F}.Release|Any CPU.ActiveCfg = Release|Any CPU
		{02FC453E-0F0D-4FAC-B46E-229181A7468F}.Release|Any CPU.Build.0 = Release|Any CPU
		{02FC453E-0F0D-4FAC-B46E-229181A7468F}.Release|x64.ActiveCfg = Release|Any CPU
		{02FC453E-0F0D-4FAC-B46E-229181A7468F}.Release|x64.Build.0 = Release|Any CPU
		{02FC453E-0F0D-4FAC-B46E-229181A7468F}.Release|x86.ActiveCfg = Release|Any CPU
		{02FC453E-0F0D-4FAC-B46E-229181A7468F}.Release|x86.Build.0 = Release|Any CPU
		{02E5BE21-C899-40B6-84D9-DD8F16DAA274}.Debug|Any CPU.ActiveCfg = Debug|Any CPU
		{02E5BE21-C899-40B6-84D9-DD8F16DAA274}.Debug|Any CPU.Build.0 = Debug|Any CPU
		{02E5BE21-C899-40B6-84D9-DD8F16DAA274}.Debug|x64.ActiveCfg = Debug|Any CPU
		{02E5BE21-C899-40B6-84D9-DD8F16DAA274}.Debug|x64.Build.0 = Debug|Any CPU
		{02E5BE21-C899-40B6-84D9-DD8F16DAA274}.Debug|x86.ActiveCfg = Debug|Any CPU
		{02E5BE21-C899-40B6-84D9-DD8F16DAA274}.Debug|x86.Build.0 = Debug|Any CPU
		{02E5BE21-C899-40B6-84D9-DD8F16DAA274}.Release|Any CPU.ActiveCfg = Release|Any CPU
		{02E5BE21-C899-40B6-84D9-DD8F16DAA274}.Release|Any CPU.Build.0 = Release|Any CPU
		{02E5BE21-C899-40B6-84D9-DD8F16DAA274}.Release|x64.ActiveCfg = Release|Any CPU
		{02E5BE21-C899-40B6-84D9-DD8F16DAA274}.Release|x64.Build.0 = Release|Any CPU
		{02E5BE21-C899-40B6-84D9-DD8F16DAA274}.Release|x86.ActiveCfg = Release|Any CPU
		{02E5BE21-C899-40B6-84D9-DD8F16DAA274}.Release|x86.Build.0 = Release|Any CPU
		{F0976E5C-9408-4C01-B913-37BC836588FA}.Debug|Any CPU.ActiveCfg = Debug|Any CPU
		{F0976E5C-9408-4C01-B913-37BC836588FA}.Debug|Any CPU.Build.0 = Debug|Any CPU
		{F0976E5C-9408-4C01-B913-37BC836588FA}.Debug|x64.ActiveCfg = Debug|Any CPU
		{F0976E5C-9408-4C01-B913-37BC836588FA}.Debug|x64.Build.0 = Debug|Any CPU
		{F0976E5C-9408-4C01-B913-37BC836588FA}.Debug|x86.ActiveCfg = Debug|Any CPU
		{F0976E5C-9408-4C01-B913-37BC836588FA}.Debug|x86.Build.0 = Debug|Any CPU
		{F0976E5C-9408-4C01-B913-37BC836588FA}.Release|Any CPU.ActiveCfg = Release|Any CPU
		{F0976E5C-9408-4C01-B913-37BC836588FA}.Release|Any CPU.Build.0 = Release|Any CPU
		{F0976E5C-9408-4C01-B913-37BC836588FA}.Release|x64.ActiveCfg = Release|Any CPU
		{F0976E5C-9408-4C01-B913-37BC836588FA}.Release|x64.Build.0 = Release|Any CPU
		{F0976E5C-9408-4C01-B913-37BC836588FA}.Release|x86.ActiveCfg = Release|Any CPU
		{F0976E5C-9408-4C01-B913-37BC836588FA}.Release|x86.Build.0 = Release|Any CPU
		{9E348F30-D973-40DE-B905-DE4690416DF3}.Debug|Any CPU.ActiveCfg = Debug|Any CPU
		{9E348F30-D973-40DE-B905-DE4690416DF3}.Debug|Any CPU.Build.0 = Debug|Any CPU
		{9E348F30-D973-40DE-B905-DE4690416DF3}.Debug|x64.ActiveCfg = Debug|Any CPU
		{9E348F30-D973-40DE-B905-DE4690416DF3}.Debug|x64.Build.0 = Debug|Any CPU
		{9E348F30-D973-40DE-B905-DE4690416DF3}.Debug|x86.ActiveCfg = Debug|Any CPU
		{9E348F30-D973-40DE-B905-DE4690416DF3}.Debug|x86.Build.0 = Debug|Any CPU
		{9E348F30-D973-40DE-B905-DE4690416DF3}.Release|Any CPU.ActiveCfg = Release|Any CPU
		{9E348F30-D973-40DE-B905-DE4690416DF3}.Release|Any CPU.Build.0 = Release|Any CPU
		{9E348F30-D973-40DE-B905-DE4690416DF3}.Release|x64.ActiveCfg = Release|Any CPU
		{9E348F30-D973-40DE-B905-DE4690416DF3}.Release|x64.Build.0 = Release|Any CPU
		{9E348F30-D973-40DE-B905-DE4690416DF3}.Release|x86.ActiveCfg = Release|Any CPU
		{9E348F30-D973-40DE-B905-DE4690416DF3}.Release|x86.Build.0 = Release|Any CPU
		{0B14F6EB-2454-406F-958B-99DF968F4105}.Debug|Any CPU.ActiveCfg = Debug|Any CPU
		{0B14F6EB-2454-406F-958B-99DF968F4105}.Debug|Any CPU.Build.0 = Debug|Any CPU
		{0B14F6EB-2454-406F-958B-99DF968F4105}.Debug|x64.ActiveCfg = Debug|Any CPU
		{0B14F6EB-2454-406F-958B-99DF968F4105}.Debug|x64.Build.0 = Debug|Any CPU
		{0B14F6EB-2454-406F-958B-99DF968F4105}.Debug|x86.ActiveCfg = Debug|Any CPU
		{0B14F6EB-2454-406F-958B-99DF968F4105}.Debug|x86.Build.0 = Debug|Any CPU
		{0B14F6EB-2454-406F-958B-99DF968F4105}.Release|Any CPU.ActiveCfg = Release|Any CPU
		{0B14F6EB-2454-406F-958B-99DF968F4105}.Release|Any CPU.Build.0 = Release|Any CPU
		{0B14F6EB-2454-406F-958B-99DF968F4105}.Release|x64.ActiveCfg = Release|Any CPU
		{0B14F6EB-2454-406F-958B-99DF968F4105}.Release|x64.Build.0 = Release|Any CPU
		{0B14F6EB-2454-406F-958B-99DF968F4105}.Release|x86.ActiveCfg = Release|Any CPU
		{0B14F6EB-2454-406F-958B-99DF968F4105}.Release|x86.Build.0 = Release|Any CPU
		{724D9B48-6C43-4E59-9243-139CA6740AB6}.Debug|Any CPU.ActiveCfg = Debug|Any CPU
		{724D9B48-6C43-4E59-9243-139CA6740AB6}.Debug|Any CPU.Build.0 = Debug|Any CPU
		{724D9B48-6C43-4E59-9243-139CA6740AB6}.Debug|x64.ActiveCfg = Debug|Any CPU
		{724D9B48-6C43-4E59-9243-139CA6740AB6}.Debug|x64.Build.0 = Debug|Any CPU
		{724D9B48-6C43-4E59-9243-139CA6740AB6}.Debug|x86.ActiveCfg = Debug|Any CPU
		{724D9B48-6C43-4E59-9243-139CA6740AB6}.Debug|x86.Build.0 = Debug|Any CPU
		{724D9B48-6C43-4E59-9243-139CA6740AB6}.Release|Any CPU.ActiveCfg = Release|Any CPU
		{724D9B48-6C43-4E59-9243-139CA6740AB6}.Release|Any CPU.Build.0 = Release|Any CPU
		{724D9B48-6C43-4E59-9243-139CA6740AB6}.Release|x64.ActiveCfg = Release|Any CPU
		{724D9B48-6C43-4E59-9243-139CA6740AB6}.Release|x64.Build.0 = Release|Any CPU
		{724D9B48-6C43-4E59-9243-139CA6740AB6}.Release|x86.ActiveCfg = Release|Any CPU
		{724D9B48-6C43-4E59-9243-139CA6740AB6}.Release|x86.Build.0 = Release|Any CPU
	EndGlobalSection
	GlobalSection(SolutionProperties) = preSolution
		HideSolutionNode = FALSE
	EndGlobalSection
	GlobalSection(NestedProjects) = preSolution
		{02FC453E-0F0D-4FAC-B46E-229181A7468F} = {DED574E0-A492-4349-93E0-15D1E5105B40}
		{02E5BE21-C899-40B6-84D9-DD8F16DAA274} = {7F099E2F-EE59-491D-83F2-0D5F4F2ED88B}
		{F0976E5C-9408-4C01-B913-37BC836588FA} = {7F099E2F-EE59-491D-83F2-0D5F4F2ED88B}
		{9E348F30-D973-40DE-B905-DE4690416DF3} = {7F099E2F-EE59-491D-83F2-0D5F4F2ED88B}
		{0B14F6EB-2454-406F-958B-99DF968F4105} = {7F099E2F-EE59-491D-83F2-0D5F4F2ED88B}
		{724D9B48-6C43-4E59-9243-139CA6740AB6} = {7F099E2F-EE59-491D-83F2-0D5F4F2ED88B}
	EndGlobalSection
	GlobalSection(ExtensibilityGlobals) = postSolution
		SolutionGuid = {EF777E61-DB75-4A88-99AE-B99C5B124B8F}
	EndGlobalSection
EndGlobal
